
Microsoft Visual Studio Solution File, Format Version 12.00
# Visual Studio Version 17
VisualStudioVersion = 17.4.33110.190
MinimumVisualStudioVersion = 10.0.40219.1
Project("{FAE04EC0-301F-11D3-BF4B-00C04F79EFBC}") = "21.106_Beliy_authorization", "21.106_Beliy_authorization\21.106_Beliy_authorization.csproj", "{3EC5D9A6-3E49-4E20-BC95-E70F42D49172}"
EndProject
Global
	GlobalSection(SolutionConfigurationPlatforms) = preSolution
		Debug|Any CPU = Debug|Any CPU
		Release|Any CPU = Release|Any CPU
	EndGlobalSection
	GlobalSection(ProjectConfigurationPlatforms) = postSolution
		{3EC5D9A6-3E49-4E20-BC95-E70F42D49172}.Debug|Any CPU.ActiveCfg = Debug|Any CPU
		{3EC5D9A6-3E49-4E20-BC95-E70F42D49172}.Debug|Any CPU.Build.0 = Debug|Any CPU
		{3EC5D9A6-3E49-4E20-BC95-E70F42D49172}.Release|Any CPU.ActiveCfg = Release|Any CPU
		{3EC5D9A6-3E49-4E20-BC95-E70F42D49172}.Release|Any CPU.Build.0 = Release|Any CPU
	EndGlobalSection
	GlobalSection(SolutionProperties) = preSolution
		HideSolutionNode = FALSE
	EndGlobalSection
	GlobalSection(ExtensibilityGlobals) = postSolution
		SolutionGuid = {FD2B2366-D6DD-4F74-851F-9AD232391AFE}
	EndGlobalSection
EndGlobal
